// !$*UTF8*$!
{
	archiveVersion = 1;
	classes = {
	};
	objectVersion = 46;
	objects = {

/* Begin PBXBuildFile section */
		2F1FFAC517AF0E2C008D43E7 /* BRShadeViewController.m in Sources */ = {isa = PBXBuildFile; fileRef = 2F1FFAC417AF0E2C008D43E7 /* BRShadeViewController.m */; };
		2F28D9CA1794E2B900946BA1 /* Reveal.framework in Frameworks */ = {isa = PBXBuildFile; fileRef = 2F28D9C91794E2B900946BA1 /* Reveal.framework */; };
		2F28D9CC1794E2D900946BA1 /* CFNetwork.framework in Frameworks */ = {isa = PBXBuildFile; fileRef = 2F28D9CB1794E2D900946BA1 /* CFNetwork.framework */; };
		2F28D9CE1794E2DE00946BA1 /* QuartzCore.framework in Frameworks */ = {isa = PBXBuildFile; fileRef = 2F28D9CD1794E2DE00946BA1 /* QuartzCore.framework */; };
		2F5C65A617BD6CC900723030 /* CRAddCourseViewController.m in Sources */ = {isa = PBXBuildFile; fileRef = 2F5C65A517BD6CC900723030 /* CRAddCourseViewController.m */; };
		2F6FA3041773D86800D48882 /* Foundation.framework in Frameworks */ = {isa = PBXBuildFile; fileRef = 2F6FA3031773D86800D48882 /* Foundation.framework */; };
		2F6FA3061773D86800D48882 /* CoreGraphics.framework in Frameworks */ = {isa = PBXBuildFile; fileRef = 2F6FA3051773D86800D48882 /* CoreGraphics.framework */; };
		2F6FA3081773D86800D48882 /* UIKit.framework in Frameworks */ = {isa = PBXBuildFile; fileRef = 2F6FA3071773D86800D48882 /* UIKit.framework */; };
		2F6FA30A1773D86800D48882 /* CoreData.framework in Frameworks */ = {isa = PBXBuildFile; fileRef = 2F6FA3091773D86800D48882 /* CoreData.framework */; };
		2F6FA3101773D86800D48882 /* InfoPlist.strings in Resources */ = {isa = PBXBuildFile; fileRef = 2F6FA30E1773D86800D48882 /* InfoPlist.strings */; };
		2F6FA3121773D86800D48882 /* main.m in Sources */ = {isa = PBXBuildFile; fileRef = 2F6FA3111773D86800D48882 /* main.m */; };
		2F6FA3161773D86800D48882 /* CRAppDelegate.m in Sources */ = {isa = PBXBuildFile; fileRef = 2F6FA3151773D86800D48882 /* CRAppDelegate.m */; };
		2F6FA3191773D86800D48882 /* Main_iPhone.storyboard in Resources */ = {isa = PBXBuildFile; fileRef = 2F6FA3171773D86800D48882 /* Main_iPhone.storyboard */; };
		2F6FA31C1773D86800D48882 /* Main_iPad.storyboard in Resources */ = {isa = PBXBuildFile; fileRef = 2F6FA31A1773D86800D48882 /* Main_iPad.storyboard */; };
		2F6FA31F1773D86800D48882 /* Curricula.xcdatamodeld in Sources */ = {isa = PBXBuildFile; fileRef = 2F6FA31D1773D86800D48882 /* Curricula.xcdatamodeld */; };
		2F6FA3271773D86800D48882 /* Images.xcassets in Resources */ = {isa = PBXBuildFile; fileRef = 2F6FA3261773D86800D48882 /* Images.xcassets */; };
		2F6FA32E1773D86900D48882 /* XCTest.framework in Frameworks */ = {isa = PBXBuildFile; fileRef = 2F6FA32D1773D86900D48882 /* XCTest.framework */; };
		2F6FA32F1773D86900D48882 /* Foundation.framework in Frameworks */ = {isa = PBXBuildFile; fileRef = 2F6FA3031773D86800D48882 /* Foundation.framework */; };
		2F6FA3301773D86900D48882 /* UIKit.framework in Frameworks */ = {isa = PBXBuildFile; fileRef = 2F6FA3071773D86800D48882 /* UIKit.framework */; };
		2F6FA3311773D86900D48882 /* CoreData.framework in Frameworks */ = {isa = PBXBuildFile; fileRef = 2F6FA3091773D86800D48882 /* CoreData.framework */; };
		2F6FA3391773D86900D48882 /* InfoPlist.strings in Resources */ = {isa = PBXBuildFile; fileRef = 2F6FA3371773D86900D48882 /* InfoPlist.strings */; };
		2F6FA33B1773D86900D48882 /* CurriculaTests.m in Sources */ = {isa = PBXBuildFile; fileRef = 2F6FA33A1773D86900D48882 /* CurriculaTests.m */; };
		2F6FA3461773DAE600D48882 /* CRSemesterViewController.m in Sources */ = {isa = PBXBuildFile; fileRef = 2F6FA3451773DAE600D48882 /* CRSemesterViewController.m */; };
		2F6FA34E1773E07800D48882 /* CRAddSemesterViewController.m in Sources */ = {isa = PBXBuildFile; fileRef = 2F6FA34D1773E07800D48882 /* CRAddSemesterViewController.m */; };
		2F6FA3521773EB4000D48882 /* CREntryCell.m in Sources */ = {isa = PBXBuildFile; fileRef = 2F6FA3511773EB4000D48882 /* CREntryCell.m */; };
		2F6FA3551773EB4900D48882 /* CRButtonCell.m in Sources */ = {isa = PBXBuildFile; fileRef = 2F6FA3541773EB4900D48882 /* CRButtonCell.m */; };
		2FB7634C17C286B800E972AF /* CRAssignmentCell.m in Sources */ = {isa = PBXBuildFile; fileRef = 2FB7634B17C286B800E972AF /* CRAssignmentCell.m */; };
		2FB7634F17C28ED100E972AF /* CRSemesterCollectionViewController.m in Sources */ = {isa = PBXBuildFile; fileRef = 2FB7634E17C28ED100E972AF /* CRSemesterCollectionViewController.m */; };
		2FD7217F17C3FC2000F829F0 /* CRMenuViewController.m in Sources */ = {isa = PBXBuildFile; fileRef = 2FD7217E17C3FC2000F829F0 /* CRMenuViewController.m */; };
		2FF8907E17C147D2004B7221 /* CRListCell.m in Sources */ = {isa = PBXBuildFile; fileRef = 2FF8907D17C147D2004B7221 /* CRListCell.m */; };
		2FF8908117C147DC004B7221 /* CRSegmentedCell.m in Sources */ = {isa = PBXBuildFile; fileRef = 2FF8908017C147DC004B7221 /* CRSegmentedCell.m */; };
		2FF8908417C14912004B7221 /* CRCourseViewController.m in Sources */ = {isa = PBXBuildFile; fileRef = 2FF8908317C14912004B7221 /* CRCourseViewController.m */; };
		2FF8908717C1560D004B7221 /* CRAssignment.m in Sources */ = {isa = PBXBuildFile; fileRef = 2FF8908617C1560D004B7221 /* CRAssignment.m */; };
		2FF8908A17C1560E004B7221 /* CRCourse.m in Sources */ = {isa = PBXBuildFile; fileRef = 2FF8908917C1560E004B7221 /* CRCourse.m */; };
		2FF8908D17C1560E004B7221 /* CRSemester.m in Sources */ = {isa = PBXBuildFile; fileRef = 2FF8908C17C1560E004B7221 /* CRSemester.m */; };
		2FFD5EED177F296F00019C5A /* CRCourseCell.m in Sources */ = {isa = PBXBuildFile; fileRef = 2FFD5EEC177F296F00019C5A /* CRCourseCell.m */; };
		7D6EB807D45B4317AC60D9B7 /* libPods.a in Frameworks */ = {isa = PBXBuildFile; fileRef = 7DBDB623FF6242208D01D3B1 /* libPods.a */; };
/* End PBXBuildFile section */

/* Begin PBXContainerItemProxy section */
		2F6FA3321773D86900D48882 /* PBXContainerItemProxy */ = {
			isa = PBXContainerItemProxy;
			containerPortal = 2F6FA2F81773D86800D48882 /* Project object */;
			proxyType = 1;
			remoteGlobalIDString = 2F6FA2FF1773D86800D48882;
			remoteInfo = Curricula;
		};
/* End PBXContainerItemProxy section */

/* Begin PBXFileReference section */
		1E0E9EBB0DC0410DB2791F6A /* Pods.xcconfig */ = {isa = PBXFileReference; includeInIndex = 1; lastKnownFileType = text.xcconfig; name = Pods.xcconfig; path = Pods/Pods.xcconfig; sourceTree = SOURCE_ROOT; };
		2F1FFAC317AF0E2C008D43E7 /* BRShadeViewController.h */ = {isa = PBXFileReference; fileEncoding = 4; lastKnownFileType = sourcecode.c.h; path = BRShadeViewController.h; sourceTree = "<group>"; };
		2F1FFAC417AF0E2C008D43E7 /* BRShadeViewController.m */ = {isa = PBXFileReference; fileEncoding = 4; lastKnownFileType = sourcecode.c.objc; path = BRShadeViewController.m; sourceTree = "<group>"; };
		2F28D9C91794E2B900946BA1 /* Reveal.framework */ = {isa = PBXFileReference; lastKnownFileType = wrapper.framework; path = Reveal.framework; sourceTree = "<group>"; };
		2F28D9CB1794E2D900946BA1 /* CFNetwork.framework */ = {isa = PBXFileReference; lastKnownFileType = wrapper.framework; name = CFNetwork.framework; path = System/Library/Frameworks/CFNetwork.framework; sourceTree = SDKROOT; };
		2F28D9CD1794E2DE00946BA1 /* QuartzCore.framework */ = {isa = PBXFileReference; lastKnownFileType = wrapper.framework; name = QuartzCore.framework; path = System/Library/Frameworks/QuartzCore.framework; sourceTree = SDKROOT; };
		2F5C65A417BD6CC900723030 /* CRAddCourseViewController.h */ = {isa = PBXFileReference; fileEncoding = 4; lastKnownFileType = sourcecode.c.h; path = CRAddCourseViewController.h; sourceTree = "<group>"; };
		2F5C65A517BD6CC900723030 /* CRAddCourseViewController.m */ = {isa = PBXFileReference; fileEncoding = 4; lastKnownFileType = sourcecode.c.objc; path = CRAddCourseViewController.m; sourceTree = "<group>"; };
		2F6FA3001773D86800D48882 /* Curricula.app */ = {isa = PBXFileReference; explicitFileType = wrapper.application; includeInIndex = 0; path = Curricula.app; sourceTree = BUILT_PRODUCTS_DIR; };
		2F6FA3031773D86800D48882 /* Foundation.framework */ = {isa = PBXFileReference; lastKnownFileType = wrapper.framework; name = Foundation.framework; path = System/Library/Frameworks/Foundation.framework; sourceTree = SDKROOT; };
		2F6FA3051773D86800D48882 /* CoreGraphics.framework */ = {isa = PBXFileReference; lastKnownFileType = wrapper.framework; name = CoreGraphics.framework; path = System/Library/Frameworks/CoreGraphics.framework; sourceTree = SDKROOT; };
		2F6FA3071773D86800D48882 /* UIKit.framework */ = {isa = PBXFileReference; lastKnownFileType = wrapper.framework; name = UIKit.framework; path = System/Library/Frameworks/UIKit.framework; sourceTree = SDKROOT; };
		2F6FA3091773D86800D48882 /* CoreData.framework */ = {isa = PBXFileReference; lastKnownFileType = wrapper.framework; name = CoreData.framework; path = System/Library/Frameworks/CoreData.framework; sourceTree = SDKROOT; };
		2F6FA30D1773D86800D48882 /* Curricula-Info.plist */ = {isa = PBXFileReference; lastKnownFileType = text.plist.xml; path = "Curricula-Info.plist"; sourceTree = "<group>"; };
		2F6FA30F1773D86800D48882 /* en */ = {isa = PBXFileReference; lastKnownFileType = text.plist.strings; name = en; path = en.lproj/InfoPlist.strings; sourceTree = "<group>"; };
		2F6FA3111773D86800D48882 /* main.m */ = {isa = PBXFileReference; lastKnownFileType = sourcecode.c.objc; path = main.m; sourceTree = "<group>"; };
		2F6FA3131773D86800D48882 /* Curricula-Prefix.pch */ = {isa = PBXFileReference; lastKnownFileType = sourcecode.c.h; path = "Curricula-Prefix.pch"; sourceTree = "<group>"; };
		2F6FA3141773D86800D48882 /* CRAppDelegate.h */ = {isa = PBXFileReference; lastKnownFileType = sourcecode.c.h; path = CRAppDelegate.h; sourceTree = "<group>"; };
		2F6FA3151773D86800D48882 /* CRAppDelegate.m */ = {isa = PBXFileReference; lastKnownFileType = sourcecode.c.objc; path = CRAppDelegate.m; sourceTree = "<group>"; };
		2F6FA3181773D86800D48882 /* Base */ = {isa = PBXFileReference; lastKnownFileType = file.storyboard; name = Base; path = Base.lproj/Main_iPhone.storyboard; sourceTree = "<group>"; };
		2F6FA31B1773D86800D48882 /* Base */ = {isa = PBXFileReference; lastKnownFileType = file.storyboard; name = Base; path = Base.lproj/Main_iPad.storyboard; sourceTree = "<group>"; };
		2F6FA31E1773D86800D48882 /* Curricula.xcdatamodel */ = {isa = PBXFileReference; lastKnownFileType = wrapper.xcdatamodel; path = Curricula.xcdatamodel; sourceTree = "<group>"; };
		2F6FA3261773D86800D48882 /* Images.xcassets */ = {isa = PBXFileReference; lastKnownFileType = folder.assetcatalog; path = Images.xcassets; sourceTree = "<group>"; };
		2F6FA32C1773D86900D48882 /* CurriculaTests.xctest */ = {isa = PBXFileReference; explicitFileType = wrapper.cfbundle; includeInIndex = 0; path = CurriculaTests.xctest; sourceTree = BUILT_PRODUCTS_DIR; };
		2F6FA32D1773D86900D48882 /* XCTest.framework */ = {isa = PBXFileReference; lastKnownFileType = wrapper.framework; name = XCTest.framework; path = Library/Frameworks/XCTest.framework; sourceTree = DEVELOPER_DIR; };
		2F6FA3361773D86900D48882 /* CurriculaTests-Info.plist */ = {isa = PBXFileReference; lastKnownFileType = text.plist.xml; path = "CurriculaTests-Info.plist"; sourceTree = "<group>"; };
		2F6FA3381773D86900D48882 /* en */ = {isa = PBXFileReference; lastKnownFileType = text.plist.strings; name = en; path = en.lproj/InfoPlist.strings; sourceTree = "<group>"; };
		2F6FA33A1773D86900D48882 /* CurriculaTests.m */ = {isa = PBXFileReference; lastKnownFileType = sourcecode.c.objc; path = CurriculaTests.m; sourceTree = "<group>"; };
		2F6FA3441773DAE600D48882 /* CRSemesterViewController.h */ = {isa = PBXFileReference; fileEncoding = 4; lastKnownFileType = sourcecode.c.h; path = CRSemesterViewController.h; sourceTree = "<group>"; };
		2F6FA3451773DAE600D48882 /* CRSemesterViewController.m */ = {isa = PBXFileReference; fileEncoding = 4; lastKnownFileType = sourcecode.c.objc; path = CRSemesterViewController.m; sourceTree = "<group>"; };
		2F6FA34C1773E07800D48882 /* CRAddSemesterViewController.h */ = {isa = PBXFileReference; fileEncoding = 4; lastKnownFileType = sourcecode.c.h; path = CRAddSemesterViewController.h; sourceTree = "<group>"; };
		2F6FA34D1773E07800D48882 /* CRAddSemesterViewController.m */ = {isa = PBXFileReference; fileEncoding = 4; lastKnownFileType = sourcecode.c.objc; path = CRAddSemesterViewController.m; sourceTree = "<group>"; };
		2F6FA3501773EB4000D48882 /* CREntryCell.h */ = {isa = PBXFileReference; fileEncoding = 4; lastKnownFileType = sourcecode.c.h; path = CREntryCell.h; sourceTree = "<group>"; };
		2F6FA3511773EB4000D48882 /* CREntryCell.m */ = {isa = PBXFileReference; fileEncoding = 4; lastKnownFileType = sourcecode.c.objc; path = CREntryCell.m; sourceTree = "<group>"; };
		2F6FA3531773EB4900D48882 /* CRButtonCell.h */ = {isa = PBXFileReference; fileEncoding = 4; lastKnownFileType = sourcecode.c.h; path = CRButtonCell.h; sourceTree = "<group>"; };
		2F6FA3541773EB4900D48882 /* CRButtonCell.m */ = {isa = PBXFileReference; fileEncoding = 4; lastKnownFileType = sourcecode.c.objc; path = CRButtonCell.m; sourceTree = "<group>"; };
		2FB7634A17C286B800E972AF /* CRAssignmentCell.h */ = {isa = PBXFileReference; fileEncoding = 4; lastKnownFileType = sourcecode.c.h; path = CRAssignmentCell.h; sourceTree = "<group>"; };
		2FB7634B17C286B800E972AF /* CRAssignmentCell.m */ = {isa = PBXFileReference; fileEncoding = 4; lastKnownFileType = sourcecode.c.objc; path = CRAssignmentCell.m; sourceTree = "<group>"; };
		2FB7634D17C28ED100E972AF /* CRSemesterCollectionViewController.h */ = {isa = PBXFileReference; fileEncoding = 4; lastKnownFileType = sourcecode.c.h; path = CRSemesterCollectionViewController.h; sourceTree = "<group>"; };
		2FB7634E17C28ED100E972AF /* CRSemesterCollectionViewController.m */ = {isa = PBXFileReference; fileEncoding = 4; lastKnownFileType = sourcecode.c.objc; path = CRSemesterCollectionViewController.m; sourceTree = "<group>"; };
		2FD7217D17C3FC2000F829F0 /* CRMenuViewController.h */ = {isa = PBXFileReference; fileEncoding = 4; lastKnownFileType = sourcecode.c.h; path = CRMenuViewController.h; sourceTree = "<group>"; };
		2FD7217E17C3FC2000F829F0 /* CRMenuViewController.m */ = {isa = PBXFileReference; fileEncoding = 4; lastKnownFileType = sourcecode.c.objc; path = CRMenuViewController.m; sourceTree = "<group>"; };
		2FF8907C17C147D2004B7221 /* CRListCell.h */ = {isa = PBXFileReference; fileEncoding = 4; lastKnownFileType = sourcecode.c.h; path = CRListCell.h; sourceTree = "<group>"; };
		2FF8907D17C147D2004B7221 /* CRListCell.m */ = {isa = PBXFileReference; fileEncoding = 4; lastKnownFileType = sourcecode.c.objc; path = CRListCell.m; sourceTree = "<group>"; };
		2FF8907F17C147DC004B7221 /* CRSegmentedCell.h */ = {isa = PBXFileReference; fileEncoding = 4; lastKnownFileType = sourcecode.c.h; path = CRSegmentedCell.h; sourceTree = "<group>"; };
		2FF8908017C147DC004B7221 /* CRSegmentedCell.m */ = {isa = PBXFileReference; fileEncoding = 4; lastKnownFileType = sourcecode.c.objc; path = CRSegmentedCell.m; sourceTree = "<group>"; };
		2FF8908217C14912004B7221 /* CRCourseViewController.h */ = {isa = PBXFileReference; fileEncoding = 4; lastKnownFileType = sourcecode.c.h; path = CRCourseViewController.h; sourceTree = "<group>"; };
		2FF8908317C14912004B7221 /* CRCourseViewController.m */ = {isa = PBXFileReference; fileEncoding = 4; lastKnownFileType = sourcecode.c.objc; path = CRCourseViewController.m; sourceTree = "<group>"; };
		2FF8908517C1560D004B7221 /* CRAssignment.h */ = {isa = PBXFileReference; fileEncoding = 4; lastKnownFileType = sourcecode.c.h; path = CRAssignment.h; sourceTree = "<group>"; };
		2FF8908617C1560D004B7221 /* CRAssignment.m */ = {isa = PBXFileReference; fileEncoding = 4; lastKnownFileType = sourcecode.c.objc; path = CRAssignment.m; sourceTree = "<group>"; };
		2FF8908817C1560E004B7221 /* CRCourse.h */ = {isa = PBXFileReference; fileEncoding = 4; lastKnownFileType = sourcecode.c.h; path = CRCourse.h; sourceTree = "<group>"; };
		2FF8908917C1560E004B7221 /* CRCourse.m */ = {isa = PBXFileReference; fileEncoding = 4; lastKnownFileType = sourcecode.c.objc; path = CRCourse.m; sourceTree = "<group>"; };
		2FF8908B17C1560E004B7221 /* CRSemester.h */ = {isa = PBXFileReference; fileEncoding = 4; lastKnownFileType = sourcecode.c.h; path = CRSemester.h; sourceTree = "<group>"; };
		2FF8908C17C1560E004B7221 /* CRSemester.m */ = {isa = PBXFileReference; fileEncoding = 4; lastKnownFileType = sourcecode.c.objc; path = CRSemester.m; sourceTree = "<group>"; };
		2FFD5EEB177F296F00019C5A /* CRCourseCell.h */ = {isa = PBXFileReference; fileEncoding = 4; lastKnownFileType = sourcecode.c.h; path = CRCourseCell.h; sourceTree = "<group>"; };
		2FFD5EEC177F296F00019C5A /* CRCourseCell.m */ = {isa = PBXFileReference; fileEncoding = 4; lastKnownFileType = sourcecode.c.objc; path = CRCourseCell.m; sourceTree = "<group>"; };
		7DBDB623FF6242208D01D3B1 /* libPods.a */ = {isa = PBXFileReference; explicitFileType = archive.ar; includeInIndex = 0; path = libPods.a; sourceTree = BUILT_PRODUCTS_DIR; };
/* End PBXFileReference section */

/* Begin PBXFrameworksBuildPhase section */
		2F6FA2FD1773D86800D48882 /* Frameworks */ = {
			isa = PBXFrameworksBuildPhase;
			buildActionMask = 2147483647;
			files = (
				2F28D9CE1794E2DE00946BA1 /* QuartzCore.framework in Frameworks */,
				2F28D9CC1794E2D900946BA1 /* CFNetwork.framework in Frameworks */,
				2F6FA3061773D86800D48882 /* CoreGraphics.framework in Frameworks */,
				2F6FA30A1773D86800D48882 /* CoreData.framework in Frameworks */,
				2F6FA3081773D86800D48882 /* UIKit.framework in Frameworks */,
				2F28D9CA1794E2B900946BA1 /* Reveal.framework in Frameworks */,
				2F6FA3041773D86800D48882 /* Foundation.framework in Frameworks */,
				7D6EB807D45B4317AC60D9B7 /* libPods.a in Frameworks */,
			);
			runOnlyForDeploymentPostprocessing = 0;
		};
		2F6FA3291773D86900D48882 /* Frameworks */ = {
			isa = PBXFrameworksBuildPhase;
			buildActionMask = 2147483647;
			files = (
				2F6FA32E1773D86900D48882 /* XCTest.framework in Frameworks */,
				2F6FA3311773D86900D48882 /* CoreData.framework in Frameworks */,
				2F6FA3301773D86900D48882 /* UIKit.framework in Frameworks */,
				2F6FA32F1773D86900D48882 /* Foundation.framework in Frameworks */,
			);
			runOnlyForDeploymentPostprocessing = 0;
		};
/* End PBXFrameworksBuildPhase section */

/* Begin PBXGroup section */
		2F6FA2F71773D86800D48882 = {
			isa = PBXGroup;
			children = (
				2F6FA30B1773D86800D48882 /* Curricula */,
				2F6FA3341773D86900D48882 /* CurriculaTests */,
				2F6FA3021773D86800D48882 /* Frameworks */,
				2F6FA3011773D86800D48882 /* Products */,
				1E0E9EBB0DC0410DB2791F6A /* Pods.xcconfig */,
			);
			sourceTree = "<group>";
		};
		2F6FA3011773D86800D48882 /* Products */ = {
			isa = PBXGroup;
			children = (
				2F6FA3001773D86800D48882 /* Curricula.app */,
				2F6FA32C1773D86900D48882 /* CurriculaTests.xctest */,
			);
			name = Products;
			sourceTree = "<group>";
		};
		2F6FA3021773D86800D48882 /* Frameworks */ = {
			isa = PBXGroup;
			children = (
				2F28D9CD1794E2DE00946BA1 /* QuartzCore.framework */,
				2F28D9CB1794E2D900946BA1 /* CFNetwork.framework */,
				2F28D9C91794E2B900946BA1 /* Reveal.framework */,
				2F6FA3031773D86800D48882 /* Foundation.framework */,
				2F6FA3051773D86800D48882 /* CoreGraphics.framework */,
				2F6FA3071773D86800D48882 /* UIKit.framework */,
				2F6FA3091773D86800D48882 /* CoreData.framework */,
				2F6FA32D1773D86900D48882 /* XCTest.framework */,
				7DBDB623FF6242208D01D3B1 /* libPods.a */,
			);
			name = Frameworks;
			sourceTree = "<group>";
		};
		2F6FA30B1773D86800D48882 /* Curricula */ = {
			isa = PBXGroup;
			children = (
				2F6FA34F1773EB1C00D48882 /* Views */,
				2F6FA34B1773DD0D00D48882 /* Model */,
				2F6FA3471773DAEE00D48882 /* View Controllers */,
				2F6FA3141773D86800D48882 /* CRAppDelegate.h */,
				2F6FA3151773D86800D48882 /* CRAppDelegate.m */,
				2F6FA3171773D86800D48882 /* Main_iPhone.storyboard */,
				2F6FA31A1773D86800D48882 /* Main_iPad.storyboard */,
				2F6FA3261773D86800D48882 /* Images.xcassets */,
				2F6FA31D1773D86800D48882 /* Curricula.xcdatamodeld */,
				2F6FA30C1773D86800D48882 /* Supporting Files */,
			);
			path = Curricula;
			sourceTree = "<group>";
		};
		2F6FA30C1773D86800D48882 /* Supporting Files */ = {
			isa = PBXGroup;
			children = (
				2F6FA30D1773D86800D48882 /* Curricula-Info.plist */,
				2F6FA30E1773D86800D48882 /* InfoPlist.strings */,
				2F6FA3111773D86800D48882 /* main.m */,
				2F6FA3131773D86800D48882 /* Curricula-Prefix.pch */,
			);
			name = "Supporting Files";
			sourceTree = "<group>";
		};
		2F6FA3341773D86900D48882 /* CurriculaTests */ = {
			isa = PBXGroup;
			children = (
				2F6FA33A1773D86900D48882 /* CurriculaTests.m */,
				2F6FA3351773D86900D48882 /* Supporting Files */,
			);
			path = CurriculaTests;
			sourceTree = "<group>";
		};
		2F6FA3351773D86900D48882 /* Supporting Files */ = {
			isa = PBXGroup;
			children = (
				2F6FA3361773D86900D48882 /* CurriculaTests-Info.plist */,
				2F6FA3371773D86900D48882 /* InfoPlist.strings */,
			);
			name = "Supporting Files";
			sourceTree = "<group>";
		};
		2F6FA3471773DAEE00D48882 /* View Controllers */ = {
			isa = PBXGroup;
			children = (
				2FB7634D17C28ED100E972AF /* CRSemesterCollectionViewController.h */,
				2FB7634E17C28ED100E972AF /* CRSemesterCollectionViewController.m */,
				2F6FA3441773DAE600D48882 /* CRSemesterViewController.h */,
				2F6FA3451773DAE600D48882 /* CRSemesterViewController.m */,
				2F6FA34C1773E07800D48882 /* CRAddSemesterViewController.h */,
				2F6FA34D1773E07800D48882 /* CRAddSemesterViewController.m */,
				2F5C65A417BD6CC900723030 /* CRAddCourseViewController.h */,
				2F5C65A517BD6CC900723030 /* CRAddCourseViewController.m */,
				2F1FFAC317AF0E2C008D43E7 /* BRShadeViewController.h */,
				2F1FFAC417AF0E2C008D43E7 /* BRShadeViewController.m */,
				2FF8908217C14912004B7221 /* CRCourseViewController.h */,
				2FF8908317C14912004B7221 /* CRCourseViewController.m */,
				2FD7217D17C3FC2000F829F0 /* CRMenuViewController.h */,
				2FD7217E17C3FC2000F829F0 /* CRMenuViewController.m */,
			);
			name = "View Controllers";
			sourceTree = "<group>";
		};
		2F6FA34B1773DD0D00D48882 /* Model */ = {
			isa = PBXGroup;
			children = (
				2FF8908B17C1560E004B7221 /* CRSemester.h */,
				2FF8908C17C1560E004B7221 /* CRSemester.m */,
				2FF8908817C1560E004B7221 /* CRCourse.h */,
				2FF8908917C1560E004B7221 /* CRCourse.m */,
				2FF8908517C1560D004B7221 /* CRAssignment.h */,
				2FF8908617C1560D004B7221 /* CRAssignment.m */,
			);
			name = Model;
			sourceTree = "<group>";
		};
		2F6FA34F1773EB1C00D48882 /* Views */ = {
			isa = PBXGroup;
			children = (
				2FB7634A17C286B800E972AF /* CRAssignmentCell.h */,
				2FB7634B17C286B800E972AF /* CRAssignmentCell.m */,
				2F6FA3501773EB4000D48882 /* CREntryCell.h */,
				2F6FA3511773EB4000D48882 /* CREntryCell.m */,
				2F6FA3531773EB4900D48882 /* CRButtonCell.h */,
				2F6FA3541773EB4900D48882 /* CRButtonCell.m */,
				2FFD5EEB177F296F00019C5A /* CRCourseCell.h */,
				2FFD5EEC177F296F00019C5A /* CRCourseCell.m */,
				2FF8907C17C147D2004B7221 /* CRListCell.h */,
				2FF8907D17C147D2004B7221 /* CRListCell.m */,
				2FF8907F17C147DC004B7221 /* CRSegmentedCell.h */,
				2FF8908017C147DC004B7221 /* CRSegmentedCell.m */,
			);
			name = Views;
			sourceTree = "<group>";
		};
/* End PBXGroup section */

/* Begin PBXNativeTarget section */
		2F6FA2FF1773D86800D48882 /* Curricula */ = {
			isa = PBXNativeTarget;
			buildConfigurationList = 2F6FA33E1773D86900D48882 /* Build configuration list for PBXNativeTarget "Curricula" */;
			buildPhases = (
				B44C72862AFF432F88FC356A /* Check Pods Manifest.lock */,
				2F6FA2FC1773D86800D48882 /* Sources */,
				2F6FA2FD1773D86800D48882 /* Frameworks */,
				2F6FA2FE1773D86800D48882 /* Resources */,
				D5108432FF664CF6A868F23D /* Copy Pods Resources */,
			);
			buildRules = (
			);
			dependencies = (
			);
			name = Curricula;
			productName = Curricula;
			productReference = 2F6FA3001773D86800D48882 /* Curricula.app */;
			productType = "com.apple.product-type.application";
		};
		2F6FA32B1773D86900D48882 /* CurriculaTests */ = {
			isa = PBXNativeTarget;
			buildConfigurationList = 2F6FA3411773D86900D48882 /* Build configuration list for PBXNativeTarget "CurriculaTests" */;
			buildPhases = (
				2F6FA3281773D86900D48882 /* Sources */,
				2F6FA3291773D86900D48882 /* Frameworks */,
				2F6FA32A1773D86900D48882 /* Resources */,
			);
			buildRules = (
			);
			dependencies = (
				2F6FA3331773D86900D48882 /* PBXTargetDependency */,
			);
			name = CurriculaTests;
			productName = CurriculaTests;
			productReference = 2F6FA32C1773D86900D48882 /* CurriculaTests.xctest */;
			productType = "com.apple.product-type.bundle.unit-test";
		};
/* End PBXNativeTarget section */

/* Begin PBXProject section */
		2F6FA2F81773D86800D48882 /* Project object */ = {
			isa = PBXProject;
			attributes = {
				CLASSPREFIX = CR;
				LastUpgradeCheck = 0500;
				ORGANIZATIONNAME = "Brad Ringel";
				TargetAttributes = {
					2F6FA2FF1773D86800D48882 = {
						DevelopmentTeam = HK7854N4SL;
					};
					2F6FA32B1773D86900D48882 = {
						TestTargetID = 2F6FA2FF1773D86800D48882;
					};
				};
			};
			buildConfigurationList = 2F6FA2FB1773D86800D48882 /* Build configuration list for PBXProject "Curricula" */;
			compatibilityVersion = "Xcode 3.2";
			developmentRegion = English;
			hasScannedForEncodings = 0;
			knownRegions = (
				en,
				Base,
			);
			mainGroup = 2F6FA2F71773D86800D48882;
			productRefGroup = 2F6FA3011773D86800D48882 /* Products */;
			projectDirPath = "";
			projectRoot = "";
			targets = (
				2F6FA2FF1773D86800D48882 /* Curricula */,
				2F6FA32B1773D86900D48882 /* CurriculaTests */,
			);
		};
/* End PBXProject section */

/* Begin PBXResourcesBuildPhase section */
		2F6FA2FE1773D86800D48882 /* Resources */ = {
			isa = PBXResourcesBuildPhase;
			buildActionMask = 2147483647;
			files = (
				2F6FA31C1773D86800D48882 /* Main_iPad.storyboard in Resources */,
				2F6FA3271773D86800D48882 /* Images.xcassets in Resources */,
				2F6FA3191773D86800D48882 /* Main_iPhone.storyboard in Resources */,
				2F6FA3101773D86800D48882 /* InfoPlist.strings in Resources */,
			);
			runOnlyForDeploymentPostprocessing = 0;
		};
		2F6FA32A1773D86900D48882 /* Resources */ = {
			isa = PBXResourcesBuildPhase;
			buildActionMask = 2147483647;
			files = (
				2F6FA3391773D86900D48882 /* InfoPlist.strings in Resources */,
			);
			runOnlyForDeploymentPostprocessing = 0;
		};
/* End PBXResourcesBuildPhase section */

/* Begin PBXShellScriptBuildPhase section */
		B44C72862AFF432F88FC356A /* Check Pods Manifest.lock */ = {
			isa = PBXShellScriptBuildPhase;
			buildActionMask = 2147483647;
			files = (
			);
			inputPaths = (
			);
			name = "Check Pods Manifest.lock";
			outputPaths = (
			);
			runOnlyForDeploymentPostprocessing = 0;
			shellPath = /bin/sh;
			shellScript = "diff \"${PODS_ROOT}/../Podfile.lock\" \"${PODS_ROOT}/Manifest.lock\" > /dev/null\nif [[ $? != 0 ]] ; then\n    cat << EOM\nerror: The sandbox is not in sync with the Podfile.lock. Run 'pod install' or update your CocoaPods installation.\nEOM\n    exit 1\nfi\n";
		};
		D5108432FF664CF6A868F23D /* Copy Pods Resources */ = {
			isa = PBXShellScriptBuildPhase;
			buildActionMask = 2147483647;
			files = (
			);
			inputPaths = (
			);
			name = "Copy Pods Resources";
			outputPaths = (
			);
			runOnlyForDeploymentPostprocessing = 0;
			shellPath = /bin/sh;
			shellScript = "\"${SRCROOT}/Pods/Pods-resources.sh\"\n";
		};
/* End PBXShellScriptBuildPhase section */

/* Begin PBXSourcesBuildPhase section */
		2F6FA2FC1773D86800D48882 /* Sources */ = {
			isa = PBXSourcesBuildPhase;
			buildActionMask = 2147483647;
			files = (
				2F5C65A617BD6CC900723030 /* CRAddCourseViewController.m in Sources */,
				2FFD5EED177F296F00019C5A /* CRCourseCell.m in Sources */,
				2FF8908417C14912004B7221 /* CRCourseViewController.m in Sources */,
				2FB7634F17C28ED100E972AF /* CRSemesterCollectionViewController.m in Sources */,
				2F1FFAC517AF0E2C008D43E7 /* BRShadeViewController.m in Sources */,
				2FF8908D17C1560E004B7221 /* CRSemester.m in Sources */,
				2F6FA31F1773D86800D48882 /* Curricula.xcdatamodeld in Sources */,
				2FB7634C17C286B800E972AF /* CRAssignmentCell.m in Sources */,
				2FF8908A17C1560E004B7221 /* CRCourse.m in Sources */,
				2FD7217F17C3FC2000F829F0 /* CRMenuViewController.m in Sources */,
				2F6FA3551773EB4900D48882 /* CRButtonCell.m in Sources */,
				2F6FA3461773DAE600D48882 /* CRSemesterViewController.m in Sources */,
				2F6FA34E1773E07800D48882 /* CRAddSemesterViewController.m in Sources */,
				2FF8908117C147DC004B7221 /* CRSegmentedCell.m in Sources */,
				2F6FA3521773EB4000D48882 /* CREntryCell.m in Sources */,
				2FF8907E17C147D2004B7221 /* CRListCell.m in Sources */,
				2FF8908717C1560D004B7221 /* CRAssignment.m in Sources */,
				2F6FA3121773D86800D48882 /* main.m in Sources */,
				2F6FA3161773D86800D48882 /* CRAppDelegate.m in Sources */,
			);
			runOnlyForDeploymentPostprocessing = 0;
		};
		2F6FA3281773D86900D48882 /* Sources */ = {
			isa = PBXSourcesBuildPhase;
			buildActionMask = 2147483647;
			files = (
				2F6FA33B1773D86900D48882 /* CurriculaTests.m in Sources */,
			);
			runOnlyForDeploymentPostprocessing = 0;
		};
/* End PBXSourcesBuildPhase section */

/* Begin PBXTargetDependency section */
		2F6FA3331773D86900D48882 /* PBXTargetDependency */ = {
			isa = PBXTargetDependency;
			target = 2F6FA2FF1773D86800D48882 /* Curricula */;
			targetProxy = 2F6FA3321773D86900D48882 /* PBXContainerItemProxy */;
		};
/* End PBXTargetDependency section */

/* Begin PBXVariantGroup section */
		2F6FA30E1773D86800D48882 /* InfoPlist.strings */ = {
			isa = PBXVariantGroup;
			children = (
				2F6FA30F1773D86800D48882 /* en */,
			);
			name = InfoPlist.strings;
			sourceTree = "<group>";
		};
		2F6FA3171773D86800D48882 /* Main_iPhone.storyboard */ = {
			isa = PBXVariantGroup;
			children = (
				2F6FA3181773D86800D48882 /* Base */,
			);
			name = Main_iPhone.storyboard;
			sourceTree = "<group>";
		};
		2F6FA31A1773D86800D48882 /* Main_iPad.storyboard */ = {
			isa = PBXVariantGroup;
			children = (
				2F6FA31B1773D86800D48882 /* Base */,
			);
			name = Main_iPad.storyboard;
			sourceTree = "<group>";
		};
		2F6FA3371773D86900D48882 /* InfoPlist.strings */ = {
			isa = PBXVariantGroup;
			children = (
				2F6FA3381773D86900D48882 /* en */,
			);
			name = InfoPlist.strings;
			sourceTree = "<group>";
		};
/* End PBXVariantGroup section */

/* Begin XCBuildConfiguration section */
		2F6FA33C1773D86900D48882 /* Debug */ = {
			isa = XCBuildConfiguration;
			buildSettings = {
				ALWAYS_SEARCH_USER_PATHS = NO;
				CLANG_CXX_LANGUAGE_STANDARD = "gnu++0x";
				CLANG_CXX_LIBRARY = "libc++";
				CLANG_ENABLE_MODULES = YES;
				CLANG_ENABLE_OBJC_ARC = YES;
				CLANG_WARN_BOOL_CONVERSION = YES;
				CLANG_WARN_CONSTANT_CONVERSION = YES;
				CLANG_WARN_DIRECT_OBJC_ISA_USAGE = YES_ERROR;
				CLANG_WARN_EMPTY_BODY = YES;
				CLANG_WARN_ENUM_CONVERSION = YES;
				CLANG_WARN_INT_CONVERSION = YES;
				CLANG_WARN_OBJC_ROOT_CLASS = YES_ERROR;
				CLANG_WARN__DUPLICATE_METHOD_MATCH = YES;
				"CODE_SIGN_IDENTITY[sdk=iphoneos*]" = "iPhone Developer";
				COPY_PHASE_STRIP = NO;
				GCC_C_LANGUAGE_STANDARD = gnu99;
				GCC_DYNAMIC_NO_PIC = NO;
				GCC_OPTIMIZATION_LEVEL = 0;
				GCC_PREPROCESSOR_DEFINITIONS = (
					"DEBUG=1",
					"$(inherited)",
				);
				GCC_SYMBOLS_PRIVATE_EXTERN = NO;
				GCC_WARN_ABOUT_RETURN_TYPE = YES_ERROR;
				GCC_WARN_UNDECLARED_SELECTOR = YES;
				GCC_WARN_UNINITIALIZED_AUTOS = YES;
				GCC_WARN_UNUSED_FUNCTION = YES;
				GCC_WARN_UNUSED_VARIABLE = YES;
				IPHONEOS_DEPLOYMENT_TARGET = 7.0;
				ONLY_ACTIVE_ARCH = YES;
				SDKROOT = iphoneos;
				TARGETED_DEVICE_FAMILY = "1,2";
			};
			name = Debug;
		};
		2F6FA33D1773D86900D48882 /* Release */ = {
			isa = XCBuildConfiguration;
			buildSettings = {
				ALWAYS_SEARCH_USER_PATHS = NO;
				CLANG_CXX_LANGUAGE_STANDARD = "gnu++0x";
				CLANG_CXX_LIBRARY = "libc++";
				CLANG_ENABLE_MODULES = YES;
				CLANG_ENABLE_OBJC_ARC = YES;
				CLANG_WARN_BOOL_CONVERSION = YES;
				CLANG_WARN_CONSTANT_CONVERSION = YES;
				CLANG_WARN_DIRECT_OBJC_ISA_USAGE = YES_ERROR;
				CLANG_WARN_EMPTY_BODY = YES;
				CLANG_WARN_ENUM_CONVERSION = YES;
				CLANG_WARN_INT_CONVERSION = YES;
				CLANG_WARN_OBJC_ROOT_CLASS = YES_ERROR;
				CLANG_WARN__DUPLICATE_METHOD_MATCH = YES;
				"CODE_SIGN_IDENTITY[sdk=iphoneos*]" = "iPhone Developer";
				COPY_PHASE_STRIP = YES;
				ENABLE_NS_ASSERTIONS = NO;
				GCC_C_LANGUAGE_STANDARD = gnu99;
				GCC_WARN_ABOUT_RETURN_TYPE = YES_ERROR;
				GCC_WARN_UNDECLARED_SELECTOR = YES;
				GCC_WARN_UNINITIALIZED_AUTOS = YES;
				GCC_WARN_UNUSED_FUNCTION = YES;
				GCC_WARN_UNUSED_VARIABLE = YES;
				IPHONEOS_DEPLOYMENT_TARGET = 7.0;
				SDKROOT = iphoneos;
				TARGETED_DEVICE_FAMILY = "1,2";
				VALIDATE_PRODUCT = YES;
			};
			name = Release;
		};
		2F6FA33F1773D86900D48882 /* Debug */ = {
			isa = XCBuildConfiguration;
			baseConfigurationReference = 1E0E9EBB0DC0410DB2791F6A /* Pods.xcconfig */;
			buildSettings = {
				ASSETCATALOG_COMPILER_APPICON_NAME = AppIcon;
				ASSETCATALOG_COMPILER_LAUNCHIMAGE_NAME = LaunchImage;
				CODE_SIGN_IDENTITY = "iPhone Developer: Bradley Ringel (2WB8P2K6SQ)";
				FRAMEWORK_SEARCH_PATHS = (
					"$(inherited)",
					"$(SRCROOT)",
				);
				GCC_PRECOMPILE_PREFIX_HEADER = YES;
				GCC_PREFIX_HEADER = "Curricula/Curricula-Prefix.pch";
				INFOPLIST_FILE = "Curricula/Curricula-Info.plist";
				PRODUCT_NAME = "$(TARGET_NAME)";
				WRAPPER_EXTENSION = app;
			};
			name = Debug;
		};
		2F6FA3401773D86900D48882 /* Release */ = {
			isa = XCBuildConfiguration;
			baseConfigurationReference = 1E0E9EBB0DC0410DB2791F6A /* Pods.xcconfig */;
			buildSettings = {
				ASSETCATALOG_COMPILER_APPICON_NAME = AppIcon;
				ASSETCATALOG_COMPILER_LAUNCHIMAGE_NAME = LaunchImage;
				CODE_SIGN_IDENTITY = "iPhone Developer: Bradley Ringel (2WB8P2K6SQ)";
				FRAMEWORK_SEARCH_PATHS = (
					"$(inherited)",
					"$(SRCROOT)",
				);
				GCC_PRECOMPILE_PREFIX_HEADER = YES;
				GCC_PREFIX_HEADER = "Curricula/Curricula-Prefix.pch";
				INFOPLIST_FILE = "Curricula/Curricula-Info.plist";
				PRODUCT_NAME = "$(TARGET_NAME)";
				WRAPPER_EXTENSION = app;
			};
			name = Release;
		};
		2F6FA3421773D86900D48882 /* Debug */ = {
			isa = XCBuildConfiguration;
			buildSettings = {
				BUNDLE_LOADER = "$(BUILT_PRODUCTS_DIR)/Curricula.app/Curricula";
				FRAMEWORK_SEARCH_PATHS = (
					"$(SDKROOT)/Developer/Library/Frameworks",
					"$(inherited)",
					"$(SYSTEM_APPS_DIR)/Xcode5-DP.app/Contents/Developer/Library/Frameworks",
				);
				GCC_PRECOMPILE_PREFIX_HEADER = YES;
				GCC_PREFIX_HEADER = "Curricula/Curricula-Prefix.pch";
				GCC_PREPROCESSOR_DEFINITIONS = (
					"DEBUG=1",
					"$(inherited)",
				);
				INFOPLIST_FILE = "CurriculaTests/CurriculaTests-Info.plist";
				PRODUCT_NAME = "$(TARGET_NAME)";
				TEST_HOST = "$(BUNDLE_LOADER)";
				WRAPPER_EXTENSION = xctest;
			};
			name = Debug;
		};
		2F6FA3431773D86900D48882 /* Release */ = {
			isa = XCBuildConfiguration;
			buildSettings = {
				BUNDLE_LOADER = "$(BUILT_PRODUCTS_DIR)/Curricula.app/Curricula";
				FRAMEWORK_SEARCH_PATHS = (
					"$(SDKROOT)/Developer/Library/Frameworks",
					"$(inherited)",
					"$(SYSTEM_APPS_DIR)/Xcode5-DP.app/Contents/Developer/Library/Frameworks",
				);
				GCC_PRECOMPILE_PREFIX_HEADER = YES;
				GCC_PREFIX_HEADER = "Curricula/Curricula-Prefix.pch";
				INFOPLIST_FILE = "CurriculaTests/CurriculaTests-Info.plist";
				PRODUCT_NAME = "$(TARGET_NAME)";
				TEST_HOST = "$(BUNDLE_LOADER)";
				WRAPPER_EXTENSION = xctest;
			};
			name = Release;
		};
/* End XCBuildConfiguration section */

/* Begin XCConfigurationList section */
		2F6FA2FB1773D86800D48882 /* Build configuration list for PBXProject "Curricula" */ = {
			isa = XCConfigurationList;
			buildConfigurations = (
				2F6FA33C1773D86900D48882 /* Debug */,
				2F6FA33D1773D86900D48882 /* Release */,
			);
			defaultConfigurationIsVisible = 0;
			defaultConfigurationName = Release;
		};
		2F6FA33E1773D86900D48882 /* Build configuration list for PBXNativeTarget "Curricula" */ = {
			isa = XCConfigurationList;
			buildConfigurations = (
				2F6FA33F1773D86900D48882 /* Debug */,
				2F6FA3401773D86900D48882 /* Release */,
			);
			defaultConfigurationIsVisible = 0;
			defaultConfigurationName = Release;
		};
		2F6FA3411773D86900D48882 /* Build configuration list for PBXNativeTarget "CurriculaTests" */ = {
			isa = XCConfigurationList;
			buildConfigurations = (
				2F6FA3421773D86900D48882 /* Debug */,
				2F6FA3431773D86900D48882 /* Release */,
			);
			defaultConfigurationIsVisible = 0;
			defaultConfigurationName = Release;
		};
/* End XCConfigurationList section */

/* Begin XCVersionGroup section */
		2F6FA31D1773D86800D48882 /* Curricula.xcdatamodeld */ = {
			isa = XCVersionGroup;
			children = (
				2F6FA31E1773D86800D48882 /* Curricula.xcdatamodel */,
			);
			currentVersion = 2F6FA31E1773D86800D48882 /* Curricula.xcdatamodel */;
			path = Curricula.xcdatamodeld;
			sourceTree = "<group>";
			versionGroupType = wrapper.xcdatamodel;
		};
/* End XCVersionGroup section */
	};
	rootObject = 2F6FA2F81773D86800D48882 /* Project object */;
}
